
Microsoft Visual Studio Solution File, Format Version 12.00
# Visual Studio 2012
Project("{FAE04EC0-301F-11D3-BF4B-00C04F79EFBC}") = "LiveBroadcaster", "LiveBroadcaster.csproj", "{8E7E7AE1-CE46-4206-8D79-091F0C0AA516}"
EndProject
Global
	GlobalSection(SolutionConfigurationPlatforms) = preSolution
		Debug|Any CPU = Debug|Any CPU
		Release|Any CPU = Release|Any CPU
	EndGlobalSection
	GlobalSection(ProjectConfigurationPlatforms) = postSolution
		{8E7E7AE1-CE46-4206-8D79-091F0C0AA516}.Debug|Any CPU.ActiveCfg = Debug|Any CPU
		{8E7E7AE1-CE46-4206-8D79-091F0C0AA516}.Debug|Any CPU.Build.0 = Debug|Any CPU
		{8E7E7AE1-CE46-4206-8D79-091F0C0AA516}.Release|Any CPU.ActiveCfg = Release|Any CPU
		{8E7E7AE1-CE46-4206-8D79-091F0C0AA516}.Release|Any CPU.Build.0 = Release|Any CPU
	EndGlobalSection
	GlobalSection(SolutionProperties) = preSolution
		HideSolutionNode = FALSE
	EndGlobalSection
EndGlobal
